
Microsoft Visual Studio Solution File, Format Version 12.00
# Visual Studio 14
VisualStudioVersion = 14.0.23107.0
MinimumVisualStudioVersion = 10.0.40219.1
Project("{2150E333-8FDC-42A3-9474-1A3956D46DE8}") = "Presentation", "Presentation", "{719AD31A-1447-494B-93D5-897FCA9E0CCF}"
EndProject
Project("{2150E333-8FDC-42A3-9474-1A3956D46DE8}") = "Model", "Model", "{1EAEA804-9B78-4EF6-8D4F-3B6D3FA398D8}"
EndProject
Project("{FAE04EC0-301F-11D3-BF4B-00C04F79EFBC}") = "LogoFX.Samples.Client.Presentation.Shell", "LogoFX.Samples.Client.Presentation.Shell\LogoFX.Samples.Client.Presentation.Shell.csproj", "{58C498E4-56D6-4797-832A-99346C4D960F}"
EndProject
Project("{FAE04EC0-301F-11D3-BF4B-00C04F79EFBC}") = "LogoFX.Samples.Client.Model.Contracts", "LogoFX.Samples.Client.Model.Contracts\LogoFX.Samples.Client.Model.Contracts.csproj", "{4AEDC0F4-C048-4277-8D37-E51CCB6620BD}"
EndProject
Project("{FAE04EC0-301F-11D3-BF4B-00C04F79EFBC}") = "LogoFX.Samples.Client.Model.Fake", "LogoFX.Samples.Client.Model.Fake\LogoFX.Samples.Client.Model.Fake.csproj", "{99BC955E-F321-4D74-93F5-42B7CA9A9632}"
EndProject
Global
	GlobalSection(SolutionConfigurationPlatforms) = preSolution
		Debug|Any CPU = Debug|Any CPU
		Release|Any CPU = Release|Any CPU
	EndGlobalSection
	GlobalSection(ProjectConfigurationPlatforms) = postSolution
		{58C498E4-56D6-4797-832A-99346C4D960F}.Debug|Any CPU.ActiveCfg = Debug|Any CPU
		{58C498E4-56D6-4797-832A-99346C4D960F}.Debug|Any CPU.Build.0 = Debug|Any CPU
		{58C498E4-56D6-4797-832A-99346C4D960F}.Release|Any CPU.ActiveCfg = Release|Any CPU
		{58C498E4-56D6-4797-832A-99346C4D960F}.Release|Any CPU.Build.0 = Release|Any CPU
		{4AEDC0F4-C048-4277-8D37-E51CCB6620BD}.Debug|Any CPU.ActiveCfg = Debug|Any CPU
		{4AEDC0F4-C048-4277-8D37-E51CCB6620BD}.Debug|Any CPU.Build.0 = Debug|Any CPU
		{4AEDC0F4-C048-4277-8D37-E51CCB6620BD}.Release|Any CPU.ActiveCfg = Release|Any CPU
		{4AEDC0F4-C048-4277-8D37-E51CCB6620BD}.Release|Any CPU.Build.0 = Release|Any CPU
		{99BC955E-F321-4D74-93F5-42B7CA9A9632}.Debug|Any CPU.ActiveCfg = Debug|Any CPU
		{99BC955E-F321-4D74-93F5-42B7CA9A9632}.Debug|Any CPU.Build.0 = Debug|Any CPU
		{99BC955E-F321-4D74-93F5-42B7CA9A9632}.Release|Any CPU.ActiveCfg = Release|Any CPU
		{99BC955E-F321-4D74-93F5-42B7CA9A9632}.Release|Any CPU.Build.0 = Release|Any CPU
	EndGlobalSection
	GlobalSection(SolutionProperties) = preSolution
		HideSolutionNode = FALSE
	EndGlobalSection
	GlobalSection(NestedProjects) = preSolution
		{58C498E4-56D6-4797-832A-99346C4D960F} = {719AD31A-1447-494B-93D5-897FCA9E0CCF}
		{4AEDC0F4-C048-4277-8D37-E51CCB6620BD} = {1EAEA804-9B78-4EF6-8D4F-3B6D3FA398D8}
		{99BC955E-F321-4D74-93F5-42B7CA9A9632} = {1EAEA804-9B78-4EF6-8D4F-3B6D3FA398D8}
	EndGlobalSection
EndGlobal
